
Microsoft Visual Studio Solution File, Format Version 12.00
# Visual Studio Version 17
VisualStudioVersion = 17.3.32929.385
MinimumVisualStudioVersion = 10.0.40219.1
Project("{FAE04EC0-301F-11D3-BF4B-00C04F79EFBC}") = "Maze", "Maze\Maze.csproj", "{5715A926-CD43-48C3-893A-5AAA43CA6053}"
EndProject
Global
	GlobalSection(SolutionConfigurationPlatforms) = preSolution
		Debug|Any CPU = Debug|Any CPU
		Release|Any CPU = Release|Any CPU
	EndGlobalSection
	GlobalSection(ProjectConfigurationPlatforms) = postSolution
		{5715A926-CD43-48C3-893A-5AAA43CA6053}.Debug|Any CPU.ActiveCfg = Debug|Any CPU
		{5715A926-CD43-48C3-893A-5AAA43CA6053}.Debug|Any CPU.Build.0 = Debug|Any CPU
		{5715A926-CD43-48C3-893A-5AAA43CA6053}.Release|Any CPU.ActiveCfg = Release|Any CPU
		{5715A926-CD43-48C3-893A-5AAA43CA6053}.Release|Any CPU.Build.0 = Release|Any CPU
	EndGlobalSection
	GlobalSection(SolutionProperties) = preSolution
		HideSolutionNode = FALSE
	EndGlobalSection
	GlobalSection(ExtensibilityGlobals) = postSolution
		SolutionGuid = {14C54DD6-B418-48CD-9C46-4BB879E0F7F4}
	EndGlobalSection
EndGlobal
